{
  "originHash" : "bd76a4f49edf9fb27d46c3163069cb77b62bac1c223e5e856eb203f1bcb4f53a",
  "pins" : [
    {
      "identity" : "didi",
      "kind" : "remoteSourceControl",
      "location" : "https://github.com/antoniopantaleo/didi.git",
      "state" : {
        "revision" : "0c5b1b0c809ce3afd509f207f7e881d67cb422a3",
        "version" : "2.0.0"
      }
    },
    {
      "identity" : "swinject",
      "kind" : "remoteSourceControl",
      "location" : "https://github.com/Swinject/Swinject.git",
      "state" : {
        "revision" : "b685b549fe4d8ae265fc7a2f27d0789720425d69",
        "version" : "2.10.0"
      }
    }
  ],
  "version" : 3
}
